schema: '2.0'
stages:
  train_baseline:
    cmd: uv run python scripts/train_baseline.py
    deps:
    - path: data/raw/payments.csv
      hash: md5
      md5: 2b81287b46d9ae7a553e3d8d3dba8d18
      size: 10439984
    - path: scripts/train_baseline.py
      hash: md5
      md5: fe82afb011b7ed7923f06c23eed42983
      size: 2732
    - path: src/recoverai/ml
      hash: md5
      md5: b7ee248ac915294feceb023d7d7d1b7e.dir
      size: 21729
      nfiles: 10
    - path: src/recoverai/recovery
      hash: md5
      md5: 457ae4591976258ec847bf5f138de99c.dir
      size: 40221
      nfiles: 18
    params:
      params.yaml:
        economics:
          intervention_cost_inr: 5.0
        evaluation:
          threshold: 0.5
        execution:
          max_retries: 2
          max_recovery_amount_inr: 100000.0
          dry_run: true
        model:
          max_iter: 1000
          class_weight: balanced
          random_state: 42
        seed: 42
        split:
          train_end: '2026-09-30'
          validation_end: '2026-11-30'
    outs:
    - path: metrics/baseline.json
      hash: md5
      md5: 15c54d5ff332b5227480852fa664e71d
      size: 665
    - path: models/recovery_baseline.joblib
      hash: md5
      md5: 85592c321842c85a22bcb856e4000bec
      size: 5834
